
Microsoft Visual Studio Solution File, Format Version 12.00
# Visual Studio Version 17
VisualStudioVersion = 17.5.33414.496
MinimumVisualStudioVersion = 10.0.40219.1
Project("{FAE04EC0-301F-11D3-BF4B-00C04F79EFBC}") = "APItest", "APItest\APItest.csproj", "{3E079C10-839C-4A13-BE44-C8CCD2EBD41B}"
EndProject
Project("{FAE04EC0-301F-11D3-BF4B-00C04F79EFBC}") = "TestProject1", "TestProject1\TestProject1.csproj", "{A74728A1-8CEE-4DB0-9773-138A8AE6AA18}"
EndProject
Global
	GlobalSection(SolutionConfigurationPlatforms) = preSolution
		Debug|Any CPU = Debug|Any CPU
		Release|Any CPU = Release|Any CPU
	EndGlobalSection
	GlobalSection(ProjectConfigurationPlatforms) = postSolution
		{3E079C10-839C-4A13-BE44-C8CCD2EBD41B}.Debug|Any CPU.ActiveCfg = Debug|Any CPU
		{3E079C10-839C-4A13-BE44-C8CCD2EBD41B}.Debug|Any CPU.Build.0 = Debug|Any CPU
		{3E079C10-839C-4A13-BE44-C8CCD2EBD41B}.Release|Any CPU.ActiveCfg = Release|Any CPU
		{3E079C10-839C-4A13-BE44-C8CCD2EBD41B}.Release|Any CPU.Build.0 = Release|Any CPU
		{A74728A1-8CEE-4DB0-9773-138A8AE6AA18}.Debug|Any CPU.ActiveCfg = Debug|Any CPU
		{A74728A1-8CEE-4DB0-9773-138A8AE6AA18}.Debug|Any CPU.Build.0 = Debug|Any CPU
		{A74728A1-8CEE-4DB0-9773-138A8AE6AA18}.Release|Any CPU.ActiveCfg = Release|Any CPU
		{A74728A1-8CEE-4DB0-9773-138A8AE6AA18}.Release|Any CPU.Build.0 = Release|Any CPU
	EndGlobalSection
	GlobalSection(SolutionProperties) = preSolution
		HideSolutionNode = FALSE
	EndGlobalSection
	GlobalSection(ExtensibilityGlobals) = postSolution
		SolutionGuid = {81FBF1B4-D492-4946-B80F-91B4E51E035B}
	EndGlobalSection
EndGlobal
